PODS:
  - Capacitor (6.2.0):
    - CapacitorCordova
  - CapacitorApp (6.0.2):
    - Capacitor
  - CapacitorCordova (6.2.0)
  - CapacitorLocalNotifications (6.1.1):
    - Capacitor
  - CapacitorOnebotConnctor (0.0.1):
    - Capacitor
  - UntinyCapacitorSafeArea (1.0.3):
    - Capacitor

DEPENDENCIES:
  - "Capacitor (from `../../../../node_modules/@capacitor/ios`)"
  - "CapacitorApp (from `../../../../node_modules/@capacitor/app`)"
  - "CapacitorCordova (from `../../../../node_modules/@capacitor/ios`)"
  - "CapacitorLocalNotifications (from `../../../../node_modules/@capacitor/local-notifications`)"
  - CapacitorOnebotConnctor (from `../../../../node_modules/capacitor-onebot-connctor`)
  - "UntinyCapacitorSafeArea (from `../../../../node_modules/@untiny/capacitor-safe-area`)"

EXTERNAL SOURCES:
  Capacitor:
    :path: "../../../../node_modules/@capacitor/ios"
  CapacitorApp:
    :path: "../../../../node_modules/@capacitor/app"
  CapacitorCordova:
    :path: "../../../../node_modules/@capacitor/ios"
  CapacitorLocalNotifications:
    :path: "../../../../node_modules/@capacitor/local-notifications"
  CapacitorOnebotConnctor:
    :path: "../../../../node_modules/capacitor-onebot-connctor"
  UntinyCapacitorSafeArea:
    :path: "../../../../node_modules/@untiny/capacitor-safe-area"

SPEC CHECKSUMS:
  Capacitor: 1f3c7b9802d958cd8c4eb63895fff85dff2e1eea
  CapacitorApp: 2a8c3a0b0814322e5e6e15fe595f02c3808f0f8b
  CapacitorCordova: b33e7f4aa4ed105dd43283acdd940964374a87d9
  CapacitorLocalNotifications: 113dcab0b40781e8463bfdbbd6b54c6116361644
  CapacitorOnebotConnctor: 4b8b6ea764a19d57c4c14df6c9c628a803bb0131
  UntinyCapacitorSafeArea: 6354c662c37e272d587bb2a224cba030d902b2bd

PODFILE CHECKSUM: a1b4802350b6cc97c0940d5b52fbb3e890ff997c

COCOAPODS: 1.16.2
